
Microsoft Visual Studio Solution File, Format Version 12.00
# Visual Studio Version 16
VisualStudioVersion = 16.0.29728.190
MinimumVisualStudioVersion = 10.0.40219.1
Project("{FAE04EC0-301F-11D3-BF4B-00C04F79EFBC}") = "SignalDecorator", "SignalDecorator\SignalDecorator.csproj", "{097C5930-1AFE-4415-8C22-608ABF05638F}"
EndProject
Global
	GlobalSection(SolutionConfigurationPlatforms) = preSolution
		Debug|Any CPU = Debug|Any CPU
		Release|Any CPU = Release|Any CPU
	EndGlobalSection
	GlobalSection(ProjectConfigurationPlatforms) = postSolution
		{097C5930-1AFE-4415-8C22-608ABF05638F}.Debug|Any CPU.ActiveCfg = Debug|Any CPU
		{097C5930-1AFE-4415-8C22-608ABF05638F}.Debug|Any CPU.Build.0 = Debug|Any CPU
		{097C5930-1AFE-4415-8C22-608ABF05638F}.Release|Any CPU.ActiveCfg = Release|Any CPU
		{097C5930-1AFE-4415-8C22-608ABF05638F}.Release|Any CPU.Build.0 = Release|Any CPU
	EndGlobalSection
	GlobalSection(SolutionProperties) = preSolution
		HideSolutionNode = FALSE
	EndGlobalSection
	GlobalSection(ExtensibilityGlobals) = postSolution
		SolutionGuid = {962EB60F-2922-4BCF-AE05-FB0D30EEA981}
	EndGlobalSection
EndGlobal
